
Microsoft Visual Studio Solution File, Format Version 12.00
# Visual Studio 15
VisualStudioVersion = 15.0.28307.136
MinimumVisualStudioVersion = 10.0.40219.1
Project("{9A19103F-16F7-4668-BE54-9A1E7A4F7556}") = "WebSolution", "WebSolution\WebSolution.csproj", "{D376E488-7931-45FF-A2B7-E7B47CF15D71}"
EndProject
Project("{2150E333-8FDC-42A3-9474-1A3956D46DE8}") = "Solution Items", "Solution Items", "{57E6A370-77BF-4F4F-A140-84CA7E8A853A}"
	ProjectSection(SolutionItems) = preProject
		Dockerfile = Dockerfile
	EndProjectSection
EndProject
Project("{FAE04EC0-301F-11D3-BF4B-00C04F79EFBC}") = "TestRunner", "TestRunner\TestRunner.csproj", "{E8F73F4B-5085-4652-8CB0-ACA457AB14E6}"
EndProject
Project("{FAE04EC0-301F-11D3-BF4B-00C04F79EFBC}") = "UnitTests", "UnitTests\UnitTests.csproj", "{DF3F3D2D-7721-423E-88E8-422540426518}"
EndProject
Project("{FAE04EC0-301F-11D3-BF4B-00C04F79EFBC}") = "ScenarioSolution", "ScenarioSolution\ScenarioSolution.csproj", "{CAB0B059-DEA2-4DCF-A42C-140868ADB5F3}"
EndProject
Global
	GlobalSection(SolutionConfigurationPlatforms) = preSolution
		Debug|Any CPU = Debug|Any CPU
		Release|Any CPU = Release|Any CPU
	EndGlobalSection
	GlobalSection(ProjectConfigurationPlatforms) = postSolution
		{D376E488-7931-45FF-A2B7-E7B47CF15D71}.Debug|Any CPU.ActiveCfg = Debug|Any CPU
		{D376E488-7931-45FF-A2B7-E7B47CF15D71}.Debug|Any CPU.Build.0 = Debug|Any CPU
		{D376E488-7931-45FF-A2B7-E7B47CF15D71}.Release|Any CPU.ActiveCfg = Release|Any CPU
		{D376E488-7931-45FF-A2B7-E7B47CF15D71}.Release|Any CPU.Build.0 = Release|Any CPU
		{E8F73F4B-5085-4652-8CB0-ACA457AB14E6}.Debug|Any CPU.ActiveCfg = Debug|Any CPU
		{E8F73F4B-5085-4652-8CB0-ACA457AB14E6}.Debug|Any CPU.Build.0 = Debug|Any CPU
		{E8F73F4B-5085-4652-8CB0-ACA457AB14E6}.Release|Any CPU.ActiveCfg = Release|Any CPU
		{E8F73F4B-5085-4652-8CB0-ACA457AB14E6}.Release|Any CPU.Build.0 = Release|Any CPU
		{DF3F3D2D-7721-423E-88E8-422540426518}.Debug|Any CPU.ActiveCfg = Debug|Any CPU
		{DF3F3D2D-7721-423E-88E8-422540426518}.Debug|Any CPU.Build.0 = Debug|Any CPU
		{DF3F3D2D-7721-423E-88E8-422540426518}.Release|Any CPU.ActiveCfg = Release|Any CPU
		{DF3F3D2D-7721-423E-88E8-422540426518}.Release|Any CPU.Build.0 = Release|Any CPU
		{CAB0B059-DEA2-4DCF-A42C-140868ADB5F3}.Debug|Any CPU.ActiveCfg = Debug|Any CPU
		{CAB0B059-DEA2-4DCF-A42C-140868ADB5F3}.Debug|Any CPU.Build.0 = Debug|Any CPU
		{CAB0B059-DEA2-4DCF-A42C-140868ADB5F3}.Release|Any CPU.ActiveCfg = Release|Any CPU
		{CAB0B059-DEA2-4DCF-A42C-140868ADB5F3}.Release|Any CPU.Build.0 = Release|Any CPU
	EndGlobalSection
	GlobalSection(SolutionProperties) = preSolution
		HideSolutionNode = FALSE
	EndGlobalSection
	GlobalSection(ExtensibilityGlobals) = postSolution
		SolutionGuid = {9040A8F6-18C3-4FD3-8331-6EF35F2CDBA6}
	EndGlobalSection
EndGlobal
